{
  "requires": true,
  "lockfileVersion": 1,
  "dependencies": {
    "resize-observer-polyfill": {
      "version": "1.5.1",
      "resolved": "https://registry.npmjs.org/resize-observer-polyfill/-/resize-observer-polyfill-1.5.1.tgz",
      "integrity": "sha512-LwZrotdHOo12nQuZlHEmtuXdqGoOD0OhaxopaNFxWzInpEgaLWoVuAMbTzixuosCx2nEG58ngzW3vxdWoxIgdg=="
    },
    "vue": {
      "version": "2.6.10",
      "resolved": "https://registry.npmjs.org/vue/-/vue-2.6.10.tgz",
      "integrity": "sha512-ImThpeNU9HbdZL3utgMCq0oiMzAkt1mcgy3/E6zWC/G6AaQoeuFdsl9nDhTDU3X1R6FK7nsIUuRACVcjI+A2GQ=="
    },
    "vue-bootstrap-typeahead": {
      "version": "0.2.6",
      "resolved": "https://registry.npmjs.org/vue-bootstrap-typeahead/-/vue-bootstrap-typeahead-0.2.6.tgz",
      "integrity": "sha512-BcUAnvfN+PS0StL6E3endd37P7HUt9otk+8m7tsa2gkt2I2KY8O2Dma49oR8ie8iletvJAlAqpN+klF6ktPULQ==",
      "requires": {
        "resize-observer-polyfill": "^1.5.0",
        "vue": "^2.5.17"
      }
    }
  }
}
